// !$*UTF8*$!
{
	archiveVersion = 1;
	classes = {
	};
	objectVersion = 55;
	objects = {

/* Begin PBXBuildFile section */
		091C04C72BAE3354F8283AE5 /* Pods_AuthPhone__Firebase.framework in Frameworks */ = {isa = PBXBuildFile; fileRef = 5E1588A1FF4AA204EDC5F077 /* Pods_AuthPhone__Firebase.framework */; };
		78B8DB6527ECE6D100026977 /* AppDelegate.swift in Sources */ = {isa = PBXBuildFile; fileRef = 78B8DB6427ECE6D100026977 /* AppDelegate.swift */; };
		78B8DB6727ECE6D100026977 /* SceneDelegate.swift in Sources */ = {isa = PBXBuildFile; fileRef = 78B8DB6627ECE6D100026977 /* SceneDelegate.swift */; };
		78B8DB6927ECE6D100026977 /* PhoneVC.swift in Sources */ = {isa = PBXBuildFile; fileRef = 78B8DB6827ECE6D100026977 /* PhoneVC.swift */; };
		78B8DB6E27ECE6D200026977 /* Assets.xcassets in Resources */ = {isa = PBXBuildFile; fileRef = 78B8DB6D27ECE6D200026977 /* Assets.xcassets */; };
		78B8DB7127ECE6D200026977 /* LaunchScreen.storyboard in Resources */ = {isa = PBXBuildFile; fileRef = 78B8DB6F27ECE6D200026977 /* LaunchScreen.storyboard */; };
		78B8DB7B27ECE72F00026977 /* AccountVC.swift in Sources */ = {isa = PBXBuildFile; fileRef = 78B8DB7A27ECE72F00026977 /* AccountVC.swift */; };
		78B8DB7D27ECE74700026977 /* SMSCodeVC.swift in Sources */ = {isa = PBXBuildFile; fileRef = 78B8DB7C27ECE74700026977 /* SMSCodeVC.swift */; };
		78B8DB7F27ECE7F700026977 /* AuthManager.swift in Sources */ = {isa = PBXBuildFile; fileRef = 78B8DB7E27ECE7F700026977 /* AuthManager.swift */; };
		78B8DB8327ECE88900026977 /* GoogleService-Info.plist in Resources */ = {isa = PBXBuildFile; fileRef = 78B8DB8227ECE88900026977 /* GoogleService-Info.plist */; };
/* End PBXBuildFile section */

/* Begin PBXFileReference section */
		5E1588A1FF4AA204EDC5F077 /* Pods_AuthPhone__Firebase.framework */ = {isa = PBXFileReference; explicitFileType = wrapper.framework; includeInIndex = 0; path = Pods_AuthPhone__Firebase.framework; sourceTree = BUILT_PRODUCTS_DIR; };
		78B8DB6127ECE6D100026977 /* AuthPhone -Firebase.app */ = {isa = PBXFileReference; explicitFileType = wrapper.application; includeInIndex = 0; path = "AuthPhone -Firebase.app"; sourceTree = BUILT_PRODUCTS_DIR; };
		78B8DB6427ECE6D100026977 /* AppDelegate.swift */ = {isa = PBXFileReference; lastKnownFileType = sourcecode.swift; path = AppDelegate.swift; sourceTree = "<group>"; };
		78B8DB6627ECE6D100026977 /* SceneDelegate.swift */ = {isa = PBXFileReference; lastKnownFileType = sourcecode.swift; path = SceneDelegate.swift; sourceTree = "<group>"; };
		78B8DB6827ECE6D100026977 /* PhoneVC.swift */ = {isa = PBXFileReference; lastKnownFileType = sourcecode.swift; path = PhoneVC.swift; sourceTree = "<group>"; };
		78B8DB6D27ECE6D200026977 /* Assets.xcassets */ = {isa = PBXFileReference; lastKnownFileType = folder.assetcatalog; path = Assets.xcassets; sourceTree = "<group>"; };
		78B8DB7027ECE6D200026977 /* Base */ = {isa = PBXFileReference; lastKnownFileType = file.storyboard; name = Base; path = Base.lproj/LaunchScreen.storyboard; sourceTree = "<group>"; };
		78B8DB7227ECE6D200026977 /* Info.plist */ = {isa = PBXFileReference; lastKnownFileType = text.plist.xml; path = Info.plist; sourceTree = "<group>"; };
		78B8DB7A27ECE72F00026977 /* AccountVC.swift */ = {isa = PBXFileReference; lastKnownFileType = sourcecode.swift; path = AccountVC.swift; sourceTree = "<group>"; };
		78B8DB7C27ECE74700026977 /* SMSCodeVC.swift */ = {isa = PBXFileReference; lastKnownFileType = sourcecode.swift; path = SMSCodeVC.swift; sourceTree = "<group>"; };
		78B8DB7E27ECE7F700026977 /* AuthManager.swift */ = {isa = PBXFileReference; fileEncoding = 4; lastKnownFileType = sourcecode.swift; path = AuthManager.swift; sourceTree = "<group>"; };
		78B8DB8227ECE88900026977 /* GoogleService-Info.plist */ = {isa = PBXFileReference; fileEncoding = 4; lastKnownFileType = text.plist.xml; path = "GoogleService-Info.plist"; sourceTree = "<group>"; };
		D03B00A7D5978F667E06160A /* Pods-AuthPhone -Firebase.release.xcconfig */ = {isa = PBXFileReference; includeInIndex = 1; lastKnownFileType = text.xcconfig; name = "Pods-AuthPhone -Firebase.release.xcconfig"; path = "Target Support Files/Pods-AuthPhone -Firebase/Pods-AuthPhone -Firebase.release.xcconfig"; sourceTree = "<group>"; };
		F2BBCCDB0D4B5B657E0CA452 /* Pods-AuthPhone -Firebase.debug.xcconfig */ = {isa = PBXFileReference; includeInIndex = 1; lastKnownFileType = text.xcconfig; name = "Pods-AuthPhone -Firebase.debug.xcconfig"; path = "Target Support Files/Pods-AuthPhone -Firebase/Pods-AuthPhone -Firebase.debug.xcconfig"; sourceTree = "<group>"; };
/* End PBXFileReference section */

/* Begin PBXFrameworksBuildPhase section */
		78B8DB5E27ECE6D100026977 /* Frameworks */ = {
			isa = PBXFrameworksBuildPhase;
			buildActionMask = 2147483647;
			files = (
				091C04C72BAE3354F8283AE5 /* Pods_AuthPhone__Firebase.framework in Frameworks */,
			);
			runOnlyForDeploymentPostprocessing = 0;
		};
/* End PBXFrameworksBuildPhase section */

/* Begin PBXGroup section */
		2478BAE590975102216A9335 /* Frameworks */ = {
			isa = PBXGroup;
			children = (
				5E1588A1FF4AA204EDC5F077 /* Pods_AuthPhone__Firebase.framework */,
			);
			name = Frameworks;
			sourceTree = "<group>";
		};
		605DC512E4A03BBD2C3D6D8A /* Pods */ = {
			isa = PBXGroup;
			children = (
				F2BBCCDB0D4B5B657E0CA452 /* Pods-AuthPhone -Firebase.debug.xcconfig */,
				D03B00A7D5978F667E06160A /* Pods-AuthPhone -Firebase.release.xcconfig */,
			);
			path = Pods;
			sourceTree = "<group>";
		};
		78B8DB5827ECE6D100026977 = {
			isa = PBXGroup;
			children = (
				78B8DB6327ECE6D100026977 /* AuthPhone -Firebase */,
				78B8DB6227ECE6D100026977 /* Products */,
				605DC512E4A03BBD2C3D6D8A /* Pods */,
				2478BAE590975102216A9335 /* Frameworks */,
			);
			sourceTree = "<group>";
		};
		78B8DB6227ECE6D100026977 /* Products */ = {
			isa = PBXGroup;
			children = (
				78B8DB6127ECE6D100026977 /* AuthPhone -Firebase.app */,
			);
			name = Products;
			sourceTree = "<group>";
		};
		78B8DB6327ECE6D100026977 /* AuthPhone -Firebase */ = {
			isa = PBXGroup;
			children = (
				78B8DB6427ECE6D100026977 /* AppDelegate.swift */,
				78B8DB6627ECE6D100026977 /* SceneDelegate.swift */,
				78B8DB7E27ECE7F700026977 /* AuthManager.swift */,
				78B8DB7827ECE6FB00026977 /* Controller */,
				78B8DB6F27ECE6D200026977 /* LaunchScreen.storyboard */,
				78B8DB6D27ECE6D200026977 /* Assets.xcassets */,
				78B8DB7227ECE6D200026977 /* Info.plist */,
				78B8DB8227ECE88900026977 /* GoogleService-Info.plist */,
			);
			path = "AuthPhone -Firebase";
			sourceTree = "<group>";
		};
		78B8DB7827ECE6FB00026977 /* Controller */ = {
			isa = PBXGroup;
			children = (
				78B8DB6827ECE6D100026977 /* PhoneVC.swift */,
				78B8DB7A27ECE72F00026977 /* AccountVC.swift */,
				78B8DB7C27ECE74700026977 /* SMSCodeVC.swift */,
			);
			path = Controller;
			sourceTree = "<group>";
		};
/* End PBXGroup section */

/* Begin PBXNativeTarget section */
		78B8DB6027ECE6D100026977 /* AuthPhone -Firebase */ = {
			isa = PBXNativeTarget;
			buildConfigurationList = 78B8DB7527ECE6D200026977 /* Build configuration list for PBXNativeTarget "AuthPhone -Firebase" */;
			buildPhases = (
				0379FEF1050F21B8398352DF /* [CP] Check Pods Manifest.lock */,
				78B8DB5D27ECE6D100026977 /* Sources */,
				78B8DB5E27ECE6D100026977 /* Frameworks */,
				78B8DB5F27ECE6D100026977 /* Resources */,
				7C7058F63BD896A0D49BCC06 /* [CP] Embed Pods Frameworks */,
			);
			buildRules = (
			);
			dependencies = (
			);
			name = "AuthPhone -Firebase";
			productName = "AuthPhone -Firebase";
			productReference = 78B8DB6127ECE6D100026977 /* AuthPhone -Firebase.app */;
			productType = "com.apple.product-type.application";
		};
/* End PBXNativeTarget section */

/* Begin PBXProject section */
		78B8DB5927ECE6D100026977 /* Project object */ = {
			isa = PBXProject;
			attributes = {
				BuildIndependentTargetsInParallel = 1;
				LastSwiftUpdateCheck = 1330;
				LastUpgradeCheck = 1330;
				TargetAttributes = {
					78B8DB6027ECE6D100026977 = {
						CreatedOnToolsVersion = 13.3;
					};
				};
			};
			buildConfigurationList = 78B8DB5C27ECE6D100026977 /* Build configuration list for PBXProject "AuthPhone -Firebase" */;
			compatibilityVersion = "Xcode 13.0";
			developmentRegion = en;
			hasScannedForEncodings = 0;
			knownRegions = (
				en,
				Base,
			);
			mainGroup = 78B8DB5827ECE6D100026977;
			productRefGroup = 78B8DB6227ECE6D100026977 /* Products */;
			projectDirPath = "";
			projectRoot = "";
			targets = (
				78B8DB6027ECE6D100026977 /* AuthPhone -Firebase */,
			);
		};
/* End PBXProject section */

/* Begin PBXResourcesBuildPhase section */
		78B8DB5F27ECE6D100026977 /* Resources */ = {
			isa = PBXResourcesBuildPhase;
			buildActionMask = 2147483647;
			files = (
				78B8DB7127ECE6D200026977 /* LaunchScreen.storyboard in Resources */,
				78B8DB6E27ECE6D200026977 /* Assets.xcassets in Resources */,
				78B8DB8327ECE88900026977 /* GoogleService-Info.plist in Resources */,
			);
			runOnlyForDeploymentPostprocessing = 0;
		};
/* End PBXResourcesBuildPhase section */

/* Begin PBXShellScriptBuildPhase section */
		0379FEF1050F21B8398352DF /* [CP] Check Pods Manifest.lock */ = {
			isa = PBXShellScriptBuildPhase;
			buildActionMask = 2147483647;
			files = (
			);
			inputFileListPaths = (
			);
			inputPaths = (
				"${PODS_PODFILE_DIR_PATH}/Podfile.lock",
				"${PODS_ROOT}/Manifest.lock",
			);
			name = "[CP] Check Pods Manifest.lock";
			outputFileListPaths = (
			);
			outputPaths = (
				"$(DERIVED_FILE_DIR)/Pods-AuthPhone -Firebase-checkManifestLockResult.txt",
			);
			runOnlyForDeploymentPostprocessing = 0;
			shellPath = /bin/sh;
			shellScript = "diff \"${PODS_PODFILE_DIR_PATH}/Podfile.lock\" \"${PODS_ROOT}/Manifest.lock\" > /dev/null\nif [ $? != 0 ] ; then\n    # print error to STDERR\n    echo \"error: The sandbox is not in sync with the Podfile.lock. Run 'pod install' or update your CocoaPods installation.\" >&2\n    exit 1\nfi\n# This output is used by Xcode 'outputs' to avoid re-running this script phase.\necho \"SUCCESS\" > \"${SCRIPT_OUTPUT_FILE_0}\"\n";
			showEnvVarsInLog = 0;
		};
		7C7058F63BD896A0D49BCC06 /* [CP] Embed Pods Frameworks */ = {
			isa = PBXShellScriptBuildPhase;
			buildActionMask = 2147483647;
			files = (
			);
			inputFileListPaths = (
				"${PODS_ROOT}/Target Support Files/Pods-AuthPhone -Firebase/Pods-AuthPhone -Firebase-frameworks-${CONFIGURATION}-input-files.xcfilelist",
			);
			name = "[CP] Embed Pods Frameworks";
			outputFileListPaths = (
				"${PODS_ROOT}/Target Support Files/Pods-AuthPhone -Firebase/Pods-AuthPhone -Firebase-frameworks-${CONFIGURATION}-output-files.xcfilelist",
			);
			runOnlyForDeploymentPostprocessing = 0;
			shellPath = /bin/sh;
			shellScript = "\"${PODS_ROOT}/Target Support Files/Pods-AuthPhone -Firebase/Pods-AuthPhone -Firebase-frameworks.sh\"\n";
			showEnvVarsInLog = 0;
		};
/* End PBXShellScriptBuildPhase section */

/* Begin PBXSourcesBuildPhase section */
		78B8DB5D27ECE6D100026977 /* Sources */ = {
			isa = PBXSourcesBuildPhase;
			buildActionMask = 2147483647;
			files = (
				78B8DB7B27ECE72F00026977 /* AccountVC.swift in Sources */,
				78B8DB7F27ECE7F700026977 /* AuthManager.swift in Sources */,
				78B8DB7D27ECE74700026977 /* SMSCodeVC.swift in Sources */,
				78B8DB6927ECE6D100026977 /* PhoneVC.swift in Sources */,
				78B8DB6527ECE6D100026977 /* AppDelegate.swift in Sources */,
				78B8DB6727ECE6D100026977 /* SceneDelegate.swift in Sources */,
			);
			runOnlyForDeploymentPostprocessing = 0;
		};
/* End PBXSourcesBuildPhase section */

/* Begin PBXVariantGroup section */
		78B8DB6F27ECE6D200026977 /* LaunchScreen.storyboard */ = {
			isa = PBXVariantGroup;
			children = (
				78B8DB7027ECE6D200026977 /* Base */,
			);
			name = LaunchScreen.storyboard;
			sourceTree = "<group>";
		};
/* End PBXVariantGroup section */

/* Begin XCBuildConfiguration section */
		78B8DB7327ECE6D200026977 /* Debug */ = {
			isa = XCBuildConfiguration;
			buildSettings = {
				ALWAYS_SEARCH_USER_PATHS = NO;
				CLANG_ANALYZER_NONNULL = YES;
				CLANG_ANALYZER_NUMBER_OBJECT_CONVERSION = YES_AGGRESSIVE;
				CLANG_CXX_LANGUAGE_STANDARD = "gnu++17";
				CLANG_ENABLE_MODULES = YES;
				CLANG_ENABLE_OBJC_ARC = YES;
				CLANG_ENABLE_OBJC_WEAK = YES;
				CLANG_WARN_BLOCK_CAPTURE_AUTORELEASING = YES;
				CLANG_WARN_BOOL_CONVERSION = YES;
				CLANG_WARN_COMMA = YES;
				CLANG_WARN_CONSTANT_CONVERSION = YES;
				CLANG_WARN_DEPRECATED_OBJC_IMPLEMENTATIONS = YES;
				CLANG_WARN_DIRECT_OBJC_ISA_USAGE = YES_ERROR;
				CLANG_WARN_DOCUMENTATION_COMMENTS = YES;
				CLANG_WARN_EMPTY_BODY = YES;
				CLANG_WARN_ENUM_CONVERSION = YES;
				CLANG_WARN_INFINITE_RECURSION = YES;
				CLANG_WARN_INT_CONVERSION = YES;
				CLANG_WARN_NON_LITERAL_NULL_CONVERSION = YES;
				CLANG_WARN_OBJC_IMPLICIT_RETAIN_SELF = YES;
				CLANG_WARN_OBJC_LITERAL_CONVERSION = YES;
				CLANG_WARN_OBJC_ROOT_CLASS = YES_ERROR;
				CLANG_WARN_QUOTED_INCLUDE_IN_FRAMEWORK_HEADER = YES;
				CLANG_WARN_RANGE_LOOP_ANALYSIS = YES;
				CLANG_WARN_STRICT_PROTOTYPES = YES;
				CLANG_WARN_SUSPICIOUS_MOVE = YES;
				CLANG_WARN_UNGUARDED_AVAILABILITY = YES_AGGRESSIVE;
				CLANG_WARN_UNREACHABLE_CODE = YES;
				CLANG_WARN__DUPLICATE_METHOD_MATCH = YES;
				COPY_PHASE_STRIP = NO;
				DEBUG_INFORMATION_FORMAT = dwarf;
				ENABLE_STRICT_OBJC_MSGSEND = YES;
				ENABLE_TESTABILITY = YES;
				GCC_C_LANGUAGE_STANDARD = gnu11;
				GCC_DYNAMIC_NO_PIC = NO;
				GCC_NO_COMMON_BLOCKS = YES;
				GCC_OPTIMIZATION_LEVEL = 0;
				GCC_PREPROCESSOR_DEFINITIONS = (
					"DEBUG=1",
					"$(inherited)",
				);
				GCC_WARN_64_TO_32_BIT_CONVERSION = YES;
				GCC_WARN_ABOUT_RETURN_TYPE = YES_ERROR;
				GCC_WARN_UNDECLARED_SELECTOR = YES;
				GCC_WARN_UNINITIALIZED_AUTOS = YES_AGGRESSIVE;
				GCC_WARN_UNUSED_FUNCTION = YES;
				GCC_WARN_UNUSED_VARIABLE = YES;
				IPHONEOS_DEPLOYMENT_TARGET = 15.4;
				MTL_ENABLE_DEBUG_INFO = INCLUDE_SOURCE;
				MTL_FAST_MATH = YES;
				ONLY_ACTIVE_ARCH = YES;
				SDKROOT = iphoneos;
				SWIFT_ACTIVE_COMPILATION_CONDITIONS = DEBUG;
				SWIFT_OPTIMIZATION_LEVEL = "-Onone";
			};
			name = Debug;
		};
		78B8DB7427ECE6D200026977 /* Release */ = {
			isa = XCBuildConfiguration;
			buildSettings = {
				ALWAYS_SEARCH_USER_PATHS = NO;
				CLANG_ANALYZER_NONNULL = YES;
				CLANG_ANALYZER_NUMBER_OBJECT_CONVERSION = YES_AGGRESSIVE;
				CLANG_CXX_LANGUAGE_STANDARD = "gnu++17";
				CLANG_ENABLE_MODULES = YES;
				CLANG_ENABLE_OBJC_ARC = YES;
				CLANG_ENABLE_OBJC_WEAK = YES;
				CLANG_WARN_BLOCK_CAPTURE_AUTORELEASING = YES;
				CLANG_WARN_BOOL_CONVERSION = YES;
				CLANG_WARN_COMMA = YES;
				CLANG_WARN_CONSTANT_CONVERSION = YES;
				CLANG_WARN_DEPRECATED_OBJC_IMPLEMENTATIONS = YES;
				CLANG_WARN_DIRECT_OBJC_ISA_USAGE = YES_ERROR;
				CLANG_WARN_DOCUMENTATION_COMMENTS = YES;
				CLANG_WARN_EMPTY_BODY = YES;
				CLANG_WARN_ENUM_CONVERSION = YES;
				CLANG_WARN_INFINITE_RECURSION = YES;
				CLANG_WARN_INT_CONVERSION = YES;
				CLANG_WARN_NON_LITERAL_NULL_CONVERSION = YES;
				CLANG_WARN_OBJC_IMPLICIT_RETAIN_SELF = YES;
				CLANG_WARN_OBJC_LITERAL_CONVERSION = YES;
				CLANG_WARN_OBJC_ROOT_CLASS = YES_ERROR;
				CLANG_WARN_QUOTED_INCLUDE_IN_FRAMEWORK_HEADER = YES;
				CLANG_WARN_RANGE_LOOP_ANALYSIS = YES;
				CLANG_WARN_STRICT_PROTOTYPES = YES;
				CLANG_WARN_SUSPICIOUS_MOVE = YES;
				CLANG_WARN_UNGUARDED_AVAILABILITY = YES_AGGRESSIVE;
				CLANG_WARN_UNREACHABLE_CODE = YES;
				CLANG_WARN__DUPLICATE_METHOD_MATCH = YES;
				COPY_PHASE_STRIP = NO;
				DEBUG_INFORMATION_FORMAT = "dwarf-with-dsym";
				ENABLE_NS_ASSERTIONS = NO;
				ENABLE_STRICT_OBJC_MSGSEND = YES;
				GCC_C_LANGUAGE_STANDARD = gnu11;
				GCC_NO_COMMON_BLOCKS = YES;
				GCC_WARN_64_TO_32_BIT_CONVERSION = YES;
				GCC_WARN_ABOUT_RETURN_TYPE = YES_ERROR;
				GCC_WARN_UNDECLARED_SELECTOR = YES;
				GCC_WARN_UNINITIALIZED_AUTOS = YES_AGGRESSIVE;
				GCC_WARN_UNUSED_FUNCTION = YES;
				GCC_WARN_UNUSED_VARIABLE = YES;
				IPHONEOS_DEPLOYMENT_TARGET = 15.4;
				MTL_ENABLE_DEBUG_INFO = NO;
				MTL_FAST_MATH = YES;
				SDKROOT = iphoneos;
				SWIFT_COMPILATION_MODE = wholemodule;
				SWIFT_OPTIMIZATION_LEVEL = "-O";
				VALIDATE_PRODUCT = YES;
			};
			name = Release;
		};
		78B8DB7627ECE6D200026977 /* Debug */ = {
			isa = XCBuildConfiguration;
			baseConfigurationReference = F2BBCCDB0D4B5B657E0CA452 /* Pods-AuthPhone -Firebase.debug.xcconfig */;
			buildSettings = {
				ASSETCATALOG_COMPILER_APPICON_NAME = AppIcon;
				ASSETCATALOG_COMPILER_GLOBAL_ACCENT_COLOR_NAME = AccentColor;
				CODE_SIGN_STYLE = Automatic;
				CURRENT_PROJECT_VERSION = 1;
				GENERATE_INFOPLIST_FILE = YES;
				INFOPLIST_FILE = "AuthPhone -Firebase/Info.plist";
				INFOPLIST_KEY_UIApplicationSupportsIndirectInputEvents = YES;
				INFOPLIST_KEY_UILaunchStoryboardName = LaunchScreen;
				INFOPLIST_KEY_UISupportedInterfaceOrientations_iPad = "UIInterfaceOrientationPortrait UIInterfaceOrientationPortraitUpsideDown UIInterfaceOrientationLandscapeLeft UIInterfaceOrientationLandscapeRight";
				INFOPLIST_KEY_UISupportedInterfaceOrientations_iPhone = "UIInterfaceOrientationPortrait UIInterfaceOrientationLandscapeLeft UIInterfaceOrientationLandscapeRight";
				LD_RUNPATH_SEARCH_PATHS = (
					"$(inherited)",
					"@executable_path/Frameworks",
				);
				MARKETING_VERSION = 1.0;
				PRODUCT_BUNDLE_IDENTIFIER = "Yasser.iOS.AuthPhone--Firebase";
				PRODUCT_NAME = "$(TARGET_NAME)";
				SWIFT_EMIT_LOC_STRINGS = YES;
				SWIFT_VERSION = 5.0;
				TARGETED_DEVICE_FAMILY = 1;
			};
			name = Debug;
		};
		78B8DB7727ECE6D200026977 /* Release */ = {
			isa = XCBuildConfiguration;
			baseConfigurationReference = D03B00A7D5978F667E06160A /* Pods-AuthPhone -Firebase.release.xcconfig */;
			buildSettings = {
				ASSETCATALOG_COMPILER_APPICON_NAME = AppIcon;
				ASSETCATALOG_COMPILER_GLOBAL_ACCENT_COLOR_NAME = AccentColor;
				CODE_SIGN_STYLE = Automatic;
				CURRENT_PROJECT_VERSION = 1;
				GENERATE_INFOPLIST_FILE = YES;
				INFOPLIST_FILE = "AuthPhone -Firebase/Info.plist";
				INFOPLIST_KEY_UIApplicationSupportsIndirectInputEvents = YES;
				INFOPLIST_KEY_UILaunchStoryboardName = LaunchScreen;
				INFOPLIST_KEY_UISupportedInterfaceOrientations_iPad = "UIInterfaceOrientationPortrait UIInterfaceOrientationPortraitUpsideDown UIInterfaceOrientationLandscapeLeft UIInterfaceOrientationLandscapeRight";
				INFOPLIST_KEY_UISupportedInterfaceOrientations_iPhone = "UIInterfaceOrientationPortrait UIInterfaceOrientationLandscapeLeft UIInterfaceOrientationLandscapeRight";
				LD_RUNPATH_SEARCH_PATHS = (
					"$(inherited)",
					"@executable_path/Frameworks",
				);
				MARKETING_VERSION = 1.0;
				PRODUCT_BUNDLE_IDENTIFIER = "Yasser.iOS.AuthPhone--Firebase";
				PRODUCT_NAME = "$(TARGET_NAME)";
				SWIFT_EMIT_LOC_STRINGS = YES;
				SWIFT_VERSION = 5.0;
				TARGETED_DEVICE_FAMILY = 1;
			};
			name = Release;
		};
/* End XCBuildConfiguration section */

/* Begin XCConfigurationList section */
		78B8DB5C27ECE6D100026977 /* Build configuration list for PBXProject "AuthPhone -Firebase" */ = {
			isa = XCConfigurationList;
			buildConfigurations = (
				78B8DB7327ECE6D200026977 /* Debug */,
				78B8DB7427ECE6D200026977 /* Release */,
			);
			defaultConfigurationIsVisible = 0;
			defaultConfigurationName = Release;
		};
		78B8DB7527ECE6D200026977 /* Build configuration list for PBXNativeTarget "AuthPhone -Firebase" */ = {
			isa = XCConfigurationList;
			buildConfigurations = (
				78B8DB7627ECE6D200026977 /* Debug */,
				78B8DB7727ECE6D200026977 /* Release */,
			);
			defaultConfigurationIsVisible = 0;
			defaultConfigurationName = Release;
		};
/* End XCConfigurationList section */
	};
	rootObject = 78B8DB5927ECE6D100026977 /* Project object */;
}
